
Microsoft Visual Studio Solution File, Format Version 12.00
# Visual Studio Version 17
VisualStudioVersion = 17.9.34701.34
MinimumVisualStudioVersion = 10.0.40219.1
Project("{9A19103F-16F7-4668-BE54-9A1E7A4F7556}") = "WindowsForm_Calculator", "WindowsForm_Calculator\WindowsForm_Calculator.csproj", "{8A8E7B3B-4C86-4A8B-9A19-10B16578F94D}"
EndProject
Global
	GlobalSection(SolutionConfigurationPlatforms) = preSolution
		Debug|Any CPU = Debug|Any CPU
		Release|Any CPU = Release|Any CPU
	EndGlobalSection
	GlobalSection(ProjectConfigurationPlatforms) = postSolution
		{8A8E7B3B-4C86-4A8B-9A19-10B16578F94D}.Debug|Any CPU.ActiveCfg = Debug|Any CPU
		{8A8E7B3B-4C86-4A8B-9A19-10B16578F94D}.Debug|Any CPU.Build.0 = Debug|Any CPU
		{8A8E7B3B-4C86-4A8B-9A19-10B16578F94D}.Release|Any CPU.ActiveCfg = Release|Any CPU
		{8A8E7B3B-4C86-4A8B-9A19-10B16578F94D}.Release|Any CPU.Build.0 = Release|Any CPU
	EndGlobalSection
	GlobalSection(SolutionProperties) = preSolution
		HideSolutionNode = FALSE
	EndGlobalSection
	GlobalSection(ExtensibilityGlobals) = postSolution
		SolutionGuid = {871D14AE-0AAF-4F13-B254-549CA0A31420}
	EndGlobalSection
EndGlobal
